
Microsoft Visual Studio Solution File, Format Version 12.00
# Visual Studio 15
VisualStudioVersion = 15.0.27004.2009
MinimumVisualStudioVersion = 10.0.40219.1
Project("{FAE04EC0-301F-11D3-BF4B-00C04F79EFBC}") = "Tehtävä1", "Elaimet\Tehtävä1.csproj", "{88B55C9D-8EB8-4AC6-AC79-C8054BB28096}"
EndProject
Project("{FAE04EC0-301F-11D3-BF4B-00C04F79EFBC}") = "ClassLibrary2", "ClassLibrary2\ClassLibrary2.csproj", "{A756F148-B2EF-4F9A-A75C-E8A3CC06CB6B}"
EndProject
Project("{FAE04EC0-301F-11D3-BF4B-00C04F79EFBC}") = "Periytyminen", "Periytyminen\Periytyminen.csproj", "{D1DD3D76-54E0-4FB3-8146-EC31DDD12D48}"
EndProject
Project("{FAE04EC0-301F-11D3-BF4B-00C04F79EFBC}") = "Tehtava11", "Tehtava11\Tehtava11.csproj", "{D7AE42B9-4D5F-4E29-98E3-4C5B05D37ED4}"
EndProject
Global
	GlobalSection(SolutionConfigurationPlatforms) = preSolution
		Debug|Any CPU = Debug|Any CPU
		Release|Any CPU = Release|Any CPU
	EndGlobalSection
	GlobalSection(ProjectConfigurationPlatforms) = postSolution
		{88B55C9D-8EB8-4AC6-AC79-C8054BB28096}.Debug|Any CPU.ActiveCfg = Debug|Any CPU
		{88B55C9D-8EB8-4AC6-AC79-C8054BB28096}.Debug|Any CPU.Build.0 = Debug|Any CPU
		{88B55C9D-8EB8-4AC6-AC79-C8054BB28096}.Release|Any CPU.ActiveCfg = Release|Any CPU
		{88B55C9D-8EB8-4AC6-AC79-C8054BB28096}.Release|Any CPU.Build.0 = Release|Any CPU
		{A756F148-B2EF-4F9A-A75C-E8A3CC06CB6B}.Debug|Any CPU.ActiveCfg = Debug|Any CPU
		{A756F148-B2EF-4F9A-A75C-E8A3CC06CB6B}.Debug|Any CPU.Build.0 = Debug|Any CPU
		{A756F148-B2EF-4F9A-A75C-E8A3CC06CB6B}.Release|Any CPU.ActiveCfg = Release|Any CPU
		{A756F148-B2EF-4F9A-A75C-E8A3CC06CB6B}.Release|Any CPU.Build.0 = Release|Any CPU
		{D1DD3D76-54E0-4FB3-8146-EC31DDD12D48}.Debug|Any CPU.ActiveCfg = Debug|Any CPU
		{D1DD3D76-54E0-4FB3-8146-EC31DDD12D48}.Debug|Any CPU.Build.0 = Debug|Any CPU
		{D1DD3D76-54E0-4FB3-8146-EC31DDD12D48}.Release|Any CPU.ActiveCfg = Release|Any CPU
		{D1DD3D76-54E0-4FB3-8146-EC31DDD12D48}.Release|Any CPU.Build.0 = Release|Any CPU
		{D7AE42B9-4D5F-4E29-98E3-4C5B05D37ED4}.Debug|Any CPU.ActiveCfg = Debug|Any CPU
		{D7AE42B9-4D5F-4E29-98E3-4C5B05D37ED4}.Debug|Any CPU.Build.0 = Debug|Any CPU
		{D7AE42B9-4D5F-4E29-98E3-4C5B05D37ED4}.Release|Any CPU.ActiveCfg = Release|Any CPU
		{D7AE42B9-4D5F-4E29-98E3-4C5B05D37ED4}.Release|Any CPU.Build.0 = Release|Any CPU
	EndGlobalSection
	GlobalSection(SolutionProperties) = preSolution
		HideSolutionNode = FALSE
	EndGlobalSection
	GlobalSection(ExtensibilityGlobals) = postSolution
		SolutionGuid = {F02BA5C9-2DA6-4410-8263-EF6CEA8584ED}
	EndGlobalSection
EndGlobal
