
Microsoft Visual Studio Solution File, Format Version 12.00
# Visual Studio 15
VisualStudioVersion = 15.0.27004.2009
MinimumVisualStudioVersion = 10.0.40219.1
Project("{FAE04EC0-301F-11D3-BF4B-00C04F79EFBC}") = "AutoWCFClient", "AutoWCFClient\AutoWCFClient.csproj", "{60D82F25-8A22-4D66-A1D9-3620D1434A07}"
EndProject
Global
	GlobalSection(SolutionConfigurationPlatforms) = preSolution
		Debug|Any CPU = Debug|Any CPU
		Release|Any CPU = Release|Any CPU
	EndGlobalSection
	GlobalSection(ProjectConfigurationPlatforms) = postSolution
		{60D82F25-8A22-4D66-A1D9-3620D1434A07}.Debug|Any CPU.ActiveCfg = Debug|Any CPU
		{60D82F25-8A22-4D66-A1D9-3620D1434A07}.Debug|Any CPU.Build.0 = Debug|Any CPU
		{60D82F25-8A22-4D66-A1D9-3620D1434A07}.Release|Any CPU.ActiveCfg = Release|Any CPU
		{60D82F25-8A22-4D66-A1D9-3620D1434A07}.Release|Any CPU.Build.0 = Release|Any CPU
	EndGlobalSection
	GlobalSection(SolutionProperties) = preSolution
		HideSolutionNode = FALSE
	EndGlobalSection
	GlobalSection(ExtensibilityGlobals) = postSolution
		SolutionGuid = {98197743-3E95-4BA1-A207-53ACC0D697E3}
	EndGlobalSection
EndGlobal
